
Microsoft Visual Studio Solution File, Format Version 12.00
# Visual Studio Version 16
VisualStudioVersion = 16.0.32510.428
MinimumVisualStudioVersion = 10.0.40219.1
Project("{FAE04EC0-301F-11D3-BF4B-00C04F79EFBC}") = "Exo1306", "Exo1306\Exo1306.csproj", "{14F09A0C-E3F1-4529-A486-EEA8A1CCAAFC}"
EndProject
Global
	GlobalSection(SolutionConfigurationPlatforms) = preSolution
		Debug|Any CPU = Debug|Any CPU
		Release|Any CPU = Release|Any CPU
	EndGlobalSection
	GlobalSection(ProjectConfigurationPlatforms) = postSolution
		{14F09A0C-E3F1-4529-A486-EEA8A1CCAAFC}.Debug|Any CPU.ActiveCfg = Debug|Any CPU
		{14F09A0C-E3F1-4529-A486-EEA8A1CCAAFC}.Debug|Any CPU.Build.0 = Debug|Any CPU
		{14F09A0C-E3F1-4529-A486-EEA8A1CCAAFC}.Release|Any CPU.ActiveCfg = Release|Any CPU
		{14F09A0C-E3F1-4529-A486-EEA8A1CCAAFC}.Release|Any CPU.Build.0 = Release|Any CPU
	EndGlobalSection
	GlobalSection(SolutionProperties) = preSolution
		HideSolutionNode = FALSE
	EndGlobalSection
	GlobalSection(ExtensibilityGlobals) = postSolution
		SolutionGuid = {D6E33F2B-0433-4C67-87B5-BD8E025E660D}
	EndGlobalSection
EndGlobal
